// !$*UTF8*$!
{
	archiveVersion = 1;
	classes = {
	};
	objectVersion = 55;
	objects = {

/* Begin PBXBuildFile section */
		0477944F27A9561700505A5D /* ViewController4.swift in Sources */ = {isa = PBXBuildFile; fileRef = 0477944E27A9561700505A5D /* ViewController4.swift */; };
		0477945127A9563600505A5D /* TableViewCell4.swift in Sources */ = {isa = PBXBuildFile; fileRef = 0477945027A9563600505A5D /* TableViewCell4.swift */; };
		0477945327A9567500505A5D /* CollectionViewCell4.swift in Sources */ = {isa = PBXBuildFile; fileRef = 0477945227A9567500505A5D /* CollectionViewCell4.swift */; };
		04A83C8C27A485660091DE0F /* HomeViewController.swift in Sources */ = {isa = PBXBuildFile; fileRef = 04A83C8B27A485660091DE0F /* HomeViewController.swift */; };
		04A83C8E27A4857C0091DE0F /* HomeCollectionViewCell.swift in Sources */ = {isa = PBXBuildFile; fileRef = 04A83C8D27A4857C0091DE0F /* HomeCollectionViewCell.swift */; };
		04CC6BF627A3CDD70096BE05 /* AppDelegate.swift in Sources */ = {isa = PBXBuildFile; fileRef = 04CC6BF527A3CDD70096BE05 /* AppDelegate.swift */; };
		04CC6BF827A3CDD70096BE05 /* SceneDelegate.swift in Sources */ = {isa = PBXBuildFile; fileRef = 04CC6BF727A3CDD70096BE05 /* SceneDelegate.swift */; };
		04CC6BFA27A3CDD70096BE05 /* ViewController.swift in Sources */ = {isa = PBXBuildFile; fileRef = 04CC6BF927A3CDD70096BE05 /* ViewController.swift */; };
		04CC6BFD27A3CDD70096BE05 /* Main.storyboard in Resources */ = {isa = PBXBuildFile; fileRef = 04CC6BFB27A3CDD70096BE05 /* Main.storyboard */; };
		04CC6BFF27A3CDDA0096BE05 /* Assets.xcassets in Resources */ = {isa = PBXBuildFile; fileRef = 04CC6BFE27A3CDDA0096BE05 /* Assets.xcassets */; };
		04CC6C0A27A3CF3D0096BE05 /* VegetablesCollectionViewCell.swift in Sources */ = {isa = PBXBuildFile; fileRef = 04CC6C0927A3CF3D0096BE05 /* VegetablesCollectionViewCell.swift */; };
		04FFF5AB27A72F8D00644B8D /* PlacesViewController.swift in Sources */ = {isa = PBXBuildFile; fileRef = 04FFF5AA27A72F8D00644B8D /* PlacesViewController.swift */; };
		04FFF5AD27A72FAB00644B8D /* PlacesCollectionViewCell.swift in Sources */ = {isa = PBXBuildFile; fileRef = 04FFF5AC27A72FAB00644B8D /* PlacesCollectionViewCell.swift */; };
		04FFF5AF27A72FC700644B8D /* HeaderCollectionReusableView.swift in Sources */ = {isa = PBXBuildFile; fileRef = 04FFF5AE27A72FC700644B8D /* HeaderCollectionReusableView.swift */; };
/* End PBXBuildFile section */

/* Begin PBXFileReference section */
		0477944E27A9561700505A5D /* ViewController4.swift */ = {isa = PBXFileReference; lastKnownFileType = sourcecode.swift; path = ViewController4.swift; sourceTree = "<group>"; };
		0477945027A9563600505A5D /* TableViewCell4.swift */ = {isa = PBXFileReference; lastKnownFileType = sourcecode.swift; path = TableViewCell4.swift; sourceTree = "<group>"; };
		0477945227A9567500505A5D /* CollectionViewCell4.swift */ = {isa = PBXFileReference; lastKnownFileType = sourcecode.swift; path = CollectionViewCell4.swift; sourceTree = "<group>"; };
		04A83C8B27A485660091DE0F /* HomeViewController.swift */ = {isa = PBXFileReference; lastKnownFileType = sourcecode.swift; path = HomeViewController.swift; sourceTree = "<group>"; };
		04A83C8D27A4857C0091DE0F /* HomeCollectionViewCell.swift */ = {isa = PBXFileReference; lastKnownFileType = sourcecode.swift; path = HomeCollectionViewCell.swift; sourceTree = "<group>"; };
		04CC6BF227A3CDD70096BE05 /* CollectionView.app */ = {isa = PBXFileReference; explicitFileType = wrapper.application; includeInIndex = 0; path = CollectionView.app; sourceTree = BUILT_PRODUCTS_DIR; };
		04CC6BF527A3CDD70096BE05 /* AppDelegate.swift */ = {isa = PBXFileReference; lastKnownFileType = sourcecode.swift; path = AppDelegate.swift; sourceTree = "<group>"; };
		04CC6BF727A3CDD70096BE05 /* SceneDelegate.swift */ = {isa = PBXFileReference; lastKnownFileType = sourcecode.swift; path = SceneDelegate.swift; sourceTree = "<group>"; };
		04CC6BF927A3CDD70096BE05 /* ViewController.swift */ = {isa = PBXFileReference; lastKnownFileType = sourcecode.swift; path = ViewController.swift; sourceTree = "<group>"; };
		04CC6BFC27A3CDD70096BE05 /* Base */ = {isa = PBXFileReference; lastKnownFileType = file.storyboard; name = Base; path = Base.lproj/Main.storyboard; sourceTree = "<group>"; };
		04CC6BFE27A3CDDA0096BE05 /* Assets.xcassets */ = {isa = PBXFileReference; lastKnownFileType = folder.assetcatalog; path = Assets.xcassets; sourceTree = "<group>"; };
		04CC6C0327A3CDDA0096BE05 /* Info.plist */ = {isa = PBXFileReference; lastKnownFileType = text.plist.xml; path = Info.plist; sourceTree = "<group>"; };
		04CC6C0927A3CF3D0096BE05 /* VegetablesCollectionViewCell.swift */ = {isa = PBXFileReference; lastKnownFileType = sourcecode.swift; path = VegetablesCollectionViewCell.swift; sourceTree = "<group>"; };
		04FFF5AA27A72F8D00644B8D /* PlacesViewController.swift */ = {isa = PBXFileReference; lastKnownFileType = sourcecode.swift; path = PlacesViewController.swift; sourceTree = "<group>"; };
		04FFF5AC27A72FAB00644B8D /* PlacesCollectionViewCell.swift */ = {isa = PBXFileReference; lastKnownFileType = sourcecode.swift; path = PlacesCollectionViewCell.swift; sourceTree = "<group>"; };
		04FFF5AE27A72FC700644B8D /* HeaderCollectionReusableView.swift */ = {isa = PBXFileReference; lastKnownFileType = sourcecode.swift; path = HeaderCollectionReusableView.swift; sourceTree = "<group>"; };
/* End PBXFileReference section */

/* Begin PBXFrameworksBuildPhase section */
		04CC6BEF27A3CDD70096BE05 /* Frameworks */ = {
			isa = PBXFrameworksBuildPhase;
			buildActionMask = 2147483647;
			files = (
			);
			runOnlyForDeploymentPostprocessing = 0;
		};
/* End PBXFrameworksBuildPhase section */

/* Begin PBXGroup section */
		04CC6BE927A3CDD70096BE05 = {
			isa = PBXGroup;
			children = (
				04CC6BF427A3CDD70096BE05 /* CollectionView */,
				04CC6BF327A3CDD70096BE05 /* Products */,
			);
			sourceTree = "<group>";
		};
		04CC6BF327A3CDD70096BE05 /* Products */ = {
			isa = PBXGroup;
			children = (
				04CC6BF227A3CDD70096BE05 /* CollectionView.app */,
			);
			name = Products;
			sourceTree = "<group>";
		};
		04CC6BF427A3CDD70096BE05 /* CollectionView */ = {
			isa = PBXGroup;
			children = (
				04CC6BF527A3CDD70096BE05 /* AppDelegate.swift */,
				04CC6BF727A3CDD70096BE05 /* SceneDelegate.swift */,
				04CC6BF927A3CDD70096BE05 /* ViewController.swift */,
				04CC6BFB27A3CDD70096BE05 /* Main.storyboard */,
				04CC6BFE27A3CDDA0096BE05 /* Assets.xcassets */,
				04CC6C0327A3CDDA0096BE05 /* Info.plist */,
				04CC6C0927A3CF3D0096BE05 /* VegetablesCollectionViewCell.swift */,
				04A83C8B27A485660091DE0F /* HomeViewController.swift */,
				04A83C8D27A4857C0091DE0F /* HomeCollectionViewCell.swift */,
				04FFF5AA27A72F8D00644B8D /* PlacesViewController.swift */,
				04FFF5AC27A72FAB00644B8D /* PlacesCollectionViewCell.swift */,
				04FFF5AE27A72FC700644B8D /* HeaderCollectionReusableView.swift */,
				0477944E27A9561700505A5D /* ViewController4.swift */,
				0477945027A9563600505A5D /* TableViewCell4.swift */,
				0477945227A9567500505A5D /* CollectionViewCell4.swift */,
			);
			path = CollectionView;
			sourceTree = "<group>";
		};
/* End PBXGroup section */

/* Begin PBXNativeTarget section */
		04CC6BF127A3CDD70096BE05 /* CollectionView */ = {
			isa = PBXNativeTarget;
			buildConfigurationList = 04CC6C0627A3CDDA0096BE05 /* Build configuration list for PBXNativeTarget "CollectionView" */;
			buildPhases = (
				04CC6BEE27A3CDD70096BE05 /* Sources */,
				04CC6BEF27A3CDD70096BE05 /* Frameworks */,
				04CC6BF027A3CDD70096BE05 /* Resources */,
			);
			buildRules = (
			);
			dependencies = (
			);
			name = CollectionView;
			productName = CollectionView;
			productReference = 04CC6BF227A3CDD70096BE05 /* CollectionView.app */;
			productType = "com.apple.product-type.application";
		};
/* End PBXNativeTarget section */

/* Begin PBXProject section */
		04CC6BEA27A3CDD70096BE05 /* Project object */ = {
			isa = PBXProject;
			attributes = {
				BuildIndependentTargetsInParallel = 1;
				LastSwiftUpdateCheck = 1310;
				LastUpgradeCheck = 1310;
				TargetAttributes = {
					04CC6BF127A3CDD70096BE05 = {
						CreatedOnToolsVersion = 13.1;
					};
				};
			};
			buildConfigurationList = 04CC6BED27A3CDD70096BE05 /* Build configuration list for PBXProject "CollectionView" */;
			compatibilityVersion = "Xcode 13.0";
			developmentRegion = en;
			hasScannedForEncodings = 0;
			knownRegions = (
				en,
				Base,
			);
			mainGroup = 04CC6BE927A3CDD70096BE05;
			productRefGroup = 04CC6BF327A3CDD70096BE05 /* Products */;
			projectDirPath = "";
			projectRoot = "";
			targets = (
				04CC6BF127A3CDD70096BE05 /* CollectionView */,
			);
		};
/* End PBXProject section */

/* Begin PBXResourcesBuildPhase section */
		04CC6BF027A3CDD70096BE05 /* Resources */ = {
			isa = PBXResourcesBuildPhase;
			buildActionMask = 2147483647;
			files = (
				04CC6BFF27A3CDDA0096BE05 /* Assets.xcassets in Resources */,
				04CC6BFD27A3CDD70096BE05 /* Main.storyboard in Resources */,
			);
			runOnlyForDeploymentPostprocessing = 0;
		};
/* End PBXResourcesBuildPhase section */

/* Begin PBXSourcesBuildPhase section */
		04CC6BEE27A3CDD70096BE05 /* Sources */ = {
			isa = PBXSourcesBuildPhase;
			buildActionMask = 2147483647;
			files = (
				04FFF5AD27A72FAB00644B8D /* PlacesCollectionViewCell.swift in Sources */,
				04FFF5AF27A72FC700644B8D /* HeaderCollectionReusableView.swift in Sources */,
				04A83C8C27A485660091DE0F /* HomeViewController.swift in Sources */,
				04FFF5AB27A72F8D00644B8D /* PlacesViewController.swift in Sources */,
				04CC6BFA27A3CDD70096BE05 /* ViewController.swift in Sources */,
				04CC6BF627A3CDD70096BE05 /* AppDelegate.swift in Sources */,
				0477945127A9563600505A5D /* TableViewCell4.swift in Sources */,
				04CC6C0A27A3CF3D0096BE05 /* VegetablesCollectionViewCell.swift in Sources */,
				04CC6BF827A3CDD70096BE05 /* SceneDelegate.swift in Sources */,
				04A83C8E27A4857C0091DE0F /* HomeCollectionViewCell.swift in Sources */,
				0477944F27A9561700505A5D /* ViewController4.swift in Sources */,
				0477945327A9567500505A5D /* CollectionViewCell4.swift in Sources */,
			);
			runOnlyForDeploymentPostprocessing = 0;
		};
/* End PBXSourcesBuildPhase section */

/* Begin PBXVariantGroup section */
		04CC6BFB27A3CDD70096BE05 /* Main.storyboard */ = {
			isa = PBXVariantGroup;
			children = (
				04CC6BFC27A3CDD70096BE05 /* Base */,
			);
			name = Main.storyboard;
			sourceTree = "<group>";
		};
/* End PBXVariantGroup section */

/* Begin XCBuildConfiguration section */
		04CC6C0427A3CDDA0096BE05 /* Debug */ = {
			isa = XCBuildConfiguration;
			buildSettings = {
				ALWAYS_SEARCH_USER_PATHS = NO;
				CLANG_ANALYZER_NONNULL = YES;
				CLANG_ANALYZER_NUMBER_OBJECT_CONVERSION = YES_AGGRESSIVE;
				CLANG_CXX_LANGUAGE_STANDARD = "gnu++17";
				CLANG_CXX_LIBRARY = "libc++";
				CLANG_ENABLE_MODULES = YES;
				CLANG_ENABLE_OBJC_ARC = YES;
				CLANG_ENABLE_OBJC_WEAK = YES;
				CLANG_WARN_BLOCK_CAPTURE_AUTORELEASING = YES;
				CLANG_WARN_BOOL_CONVERSION = YES;
				CLANG_WARN_COMMA = YES;
				CLANG_WARN_CONSTANT_CONVERSION = YES;
				CLANG_WARN_DEPRECATED_OBJC_IMPLEMENTATIONS = YES;
				CLANG_WARN_DIRECT_OBJC_ISA_USAGE = YES_ERROR;
				CLANG_WARN_DOCUMENTATION_COMMENTS = YES;
				CLANG_WARN_EMPTY_BODY = YES;
				CLANG_WARN_ENUM_CONVERSION = YES;
				CLANG_WARN_INFINITE_RECURSION = YES;
				CLANG_WARN_INT_CONVERSION = YES;
				CLANG_WARN_NON_LITERAL_NULL_CONVERSION = YES;
				CLANG_WARN_OBJC_IMPLICIT_RETAIN_SELF = YES;
				CLANG_WARN_OBJC_LITERAL_CONVERSION = YES;
				CLANG_WARN_OBJC_ROOT_CLASS = YES_ERROR;
				CLANG_WARN_QUOTED_INCLUDE_IN_FRAMEWORK_HEADER = YES;
				CLANG_WARN_RANGE_LOOP_ANALYSIS = YES;
				CLANG_WARN_STRICT_PROTOTYPES = YES;
				CLANG_WARN_SUSPICIOUS_MOVE = YES;
				CLANG_WARN_UNGUARDED_AVAILABILITY = YES_AGGRESSIVE;
				CLANG_WARN_UNREACHABLE_CODE = YES;
				CLANG_WARN__DUPLICATE_METHOD_MATCH = YES;
				COPY_PHASE_STRIP = NO;
				DEBUG_INFORMATION_FORMAT = dwarf;
				ENABLE_STRICT_OBJC_MSGSEND = YES;
				ENABLE_TESTABILITY = YES;
				GCC_C_LANGUAGE_STANDARD = gnu11;
				GCC_DYNAMIC_NO_PIC = NO;
				GCC_NO_COMMON_BLOCKS = YES;
				GCC_OPTIMIZATION_LEVEL = 0;
				GCC_PREPROCESSOR_DEFINITIONS = (
					"DEBUG=1",
					"$(inherited)",
				);
				GCC_WARN_64_TO_32_BIT_CONVERSION = YES;
				GCC_WARN_ABOUT_RETURN_TYPE = YES_ERROR;
				GCC_WARN_UNDECLARED_SELECTOR = YES;
				GCC_WARN_UNINITIALIZED_AUTOS = YES_AGGRESSIVE;
				GCC_WARN_UNUSED_FUNCTION = YES;
				GCC_WARN_UNUSED_VARIABLE = YES;
				IPHONEOS_DEPLOYMENT_TARGET = 15.0;
				MTL_ENABLE_DEBUG_INFO = INCLUDE_SOURCE;
				MTL_FAST_MATH = YES;
				ONLY_ACTIVE_ARCH = YES;
				SDKROOT = iphoneos;
				SWIFT_ACTIVE_COMPILATION_CONDITIONS = DEBUG;
				SWIFT_OPTIMIZATION_LEVEL = "-Onone";
			};
			name = Debug;
		};
		04CC6C0527A3CDDA0096BE05 /* Release */ = {
			isa = XCBuildConfiguration;
			buildSettings = {
				ALWAYS_SEARCH_USER_PATHS = NO;
				CLANG_ANALYZER_NONNULL = YES;
				CLANG_ANALYZER_NUMBER_OBJECT_CONVERSION = YES_AGGRESSIVE;
				CLANG_CXX_LANGUAGE_STANDARD = "gnu++17";
				CLANG_CXX_LIBRARY = "libc++";
				CLANG_ENABLE_MODULES = YES;
				CLANG_ENABLE_OBJC_ARC = YES;
				CLANG_ENABLE_OBJC_WEAK = YES;
				CLANG_WARN_BLOCK_CAPTURE_AUTORELEASING = YES;
				CLANG_WARN_BOOL_CONVERSION = YES;
				CLANG_WARN_COMMA = YES;
				CLANG_WARN_CONSTANT_CONVERSION = YES;
				CLANG_WARN_DEPRECATED_OBJC_IMPLEMENTATIONS = YES;
				CLANG_WARN_DIRECT_OBJC_ISA_USAGE = YES_ERROR;
				CLANG_WARN_DOCUMENTATION_COMMENTS = YES;
				CLANG_WARN_EMPTY_BODY = YES;
				CLANG_WARN_ENUM_CONVERSION = YES;
				CLANG_WARN_INFINITE_RECURSION = YES;
				CLANG_WARN_INT_CONVERSION = YES;
				CLANG_WARN_NON_LITERAL_NULL_CONVERSION = YES;
				CLANG_WARN_OBJC_IMPLICIT_RETAIN_SELF = YES;
				CLANG_WARN_OBJC_LITERAL_CONVERSION = YES;
				CLANG_WARN_OBJC_ROOT_CLASS = YES_ERROR;
				CLANG_WARN_QUOTED_INCLUDE_IN_FRAMEWORK_HEADER = YES;
				CLANG_WARN_RANGE_LOOP_ANALYSIS = YES;
				CLANG_WARN_STRICT_PROTOTYPES = YES;
				CLANG_WARN_SUSPICIOUS_MOVE = YES;
				CLANG_WARN_UNGUARDED_AVAILABILITY = YES_AGGRESSIVE;
				CLANG_WARN_UNREACHABLE_CODE = YES;
				CLANG_WARN__DUPLICATE_METHOD_MATCH = YES;
				COPY_PHASE_STRIP = NO;
				DEBUG_INFORMATION_FORMAT = "dwarf-with-dsym";
				ENABLE_NS_ASSERTIONS = NO;
				ENABLE_STRICT_OBJC_MSGSEND = YES;
				GCC_C_LANGUAGE_STANDARD = gnu11;
				GCC_NO_COMMON_BLOCKS = YES;
				GCC_WARN_64_TO_32_BIT_CONVERSION = YES;
				GCC_WARN_ABOUT_RETURN_TYPE = YES_ERROR;
				GCC_WARN_UNDECLARED_SELECTOR = YES;
				GCC_WARN_UNINITIALIZED_AUTOS = YES_AGGRESSIVE;
				GCC_WARN_UNUSED_FUNCTION = YES;
				GCC_WARN_UNUSED_VARIABLE = YES;
				IPHONEOS_DEPLOYMENT_TARGET = 15.0;
				MTL_ENABLE_DEBUG_INFO = NO;
				MTL_FAST_MATH = YES;
				SDKROOT = iphoneos;
				SWIFT_COMPILATION_MODE = wholemodule;
				SWIFT_OPTIMIZATION_LEVEL = "-O";
				VALIDATE_PRODUCT = YES;
			};
			name = Release;
		};
		04CC6C0727A3CDDA0096BE05 /* Debug */ = {
			isa = XCBuildConfiguration;
			buildSettings = {
				ASSETCATALOG_COMPILER_APPICON_NAME = AppIcon;
				ASSETCATALOG_COMPILER_GLOBAL_ACCENT_COLOR_NAME = AccentColor;
				CODE_SIGN_STYLE = Automatic;
				CURRENT_PROJECT_VERSION = 1;
				GENERATE_INFOPLIST_FILE = YES;
				INFOPLIST_FILE = CollectionView/Info.plist;
				INFOPLIST_KEY_UIApplicationSupportsIndirectInputEvents = YES;
				INFOPLIST_KEY_UILaunchStoryboardName = LaunchScreen;
				INFOPLIST_KEY_UIMainStoryboardFile = Main;
				INFOPLIST_KEY_UISupportedInterfaceOrientations_iPad = "UIInterfaceOrientationPortrait UIInterfaceOrientationPortraitUpsideDown UIInterfaceOrientationLandscapeLeft UIInterfaceOrientationLandscapeRight";
				INFOPLIST_KEY_UISupportedInterfaceOrientations_iPhone = "UIInterfaceOrientationPortrait UIInterfaceOrientationLandscapeLeft UIInterfaceOrientationLandscapeRight";
				LD_RUNPATH_SEARCH_PATHS = (
					"$(inherited)",
					"@executable_path/Frameworks",
				);
				MARKETING_VERSION = 1.0;
				PRODUCT_BUNDLE_IDENTIFIER = com.Ahmed.CollectionView;
				PRODUCT_NAME = "$(TARGET_NAME)";
				SWIFT_EMIT_LOC_STRINGS = YES;
				SWIFT_VERSION = 5.0;
				TARGETED_DEVICE_FAMILY = "1,2";
			};
			name = Debug;
		};
		04CC6C0827A3CDDA0096BE05 /* Release */ = {
			isa = XCBuildConfiguration;
			buildSettings = {
				ASSETCATALOG_COMPILER_APPICON_NAME = AppIcon;
				ASSETCATALOG_COMPILER_GLOBAL_ACCENT_COLOR_NAME = AccentColor;
				CODE_SIGN_STYLE = Automatic;
				CURRENT_PROJECT_VERSION = 1;
				GENERATE_INFOPLIST_FILE = YES;
				INFOPLIST_FILE = CollectionView/Info.plist;
				INFOPLIST_KEY_UIApplicationSupportsIndirectInputEvents = YES;
				INFOPLIST_KEY_UILaunchStoryboardName = LaunchScreen;
				INFOPLIST_KEY_UIMainStoryboardFile = Main;
				INFOPLIST_KEY_UISupportedInterfaceOrientations_iPad = "UIInterfaceOrientationPortrait UIInterfaceOrientationPortraitUpsideDown UIInterfaceOrientationLandscapeLeft UIInterfaceOrientationLandscapeRight";
				INFOPLIST_KEY_UISupportedInterfaceOrientations_iPhone = "UIInterfaceOrientationPortrait UIInterfaceOrientationLandscapeLeft UIInterfaceOrientationLandscapeRight";
				LD_RUNPATH_SEARCH_PATHS = (
					"$(inherited)",
					"@executable_path/Frameworks",
				);
				MARKETING_VERSION = 1.0;
				PRODUCT_BUNDLE_IDENTIFIER = com.Ahmed.CollectionView;
				PRODUCT_NAME = "$(TARGET_NAME)";
				SWIFT_EMIT_LOC_STRINGS = YES;
				SWIFT_VERSION = 5.0;
				TARGETED_DEVICE_FAMILY = "1,2";
			};
			name = Release;
		};
/* End XCBuildConfiguration section */

/* Begin XCConfigurationList section */
		04CC6BED27A3CDD70096BE05 /* Build configuration list for PBXProject "CollectionView" */ = {
			isa = XCConfigurationList;
			buildConfigurations = (
				04CC6C0427A3CDDA0096BE05 /* Debug */,
				04CC6C0527A3CDDA0096BE05 /* Release */,
			);
			defaultConfigurationIsVisible = 0;
			defaultConfigurationName = Release;
		};
		04CC6C0627A3CDDA0096BE05 /* Build configuration list for PBXNativeTarget "CollectionView" */ = {
			isa = XCConfigurationList;
			buildConfigurations = (
				04CC6C0727A3CDDA0096BE05 /* Debug */,
				04CC6C0827A3CDDA0096BE05 /* Release */,
			);
			defaultConfigurationIsVisible = 0;
			defaultConfigurationName = Release;
		};
/* End XCConfigurationList section */
	};
	rootObject = 04CC6BEA27A3CDD70096BE05 /* Project object */;
}
